
Microsoft Visual Studio Solution File, Format Version 12.00
# Visual Studio Version 17
VisualStudioVersion = 17.2.32630.192
MinimumVisualStudioVersion = 10.0.40219.1
Project("{9A19103F-16F7-4668-BE54-9A1E7A4F7556}") = "Kosaraju", "Kosaraju\Kosaraju.csproj", "{DD077818-3BAE-497D-A6B0-70AB9A46A397}"
EndProject
Project("{FAE04EC0-301F-11D3-BF4B-00C04F79EFBC}") = "Kosaraju.Tests", "Kosaraju.Tests\Kosaraju.Tests.csproj", "{21B405C2-B6E7-40FC-AD0E-1CD55BA31CF5}"
EndProject
Global
	GlobalSection(SolutionConfigurationPlatforms) = preSolution
		Debug|Any CPU = Debug|Any CPU
		Release|Any CPU = Release|Any CPU
	EndGlobalSection
	GlobalSection(ProjectConfigurationPlatforms) = postSolution
		{DD077818-3BAE-497D-A6B0-70AB9A46A397}.Debug|Any CPU.ActiveCfg = Debug|Any CPU
		{DD077818-3BAE-497D-A6B0-70AB9A46A397}.Debug|Any CPU.Build.0 = Debug|Any CPU
		{DD077818-3BAE-497D-A6B0-70AB9A46A397}.Release|Any CPU.ActiveCfg = Release|Any CPU
		{DD077818-3BAE-497D-A6B0-70AB9A46A397}.Release|Any CPU.Build.0 = Release|Any CPU
		{21B405C2-B6E7-40FC-AD0E-1CD55BA31CF5}.Debug|Any CPU.ActiveCfg = Debug|Any CPU
		{21B405C2-B6E7-40FC-AD0E-1CD55BA31CF5}.Debug|Any CPU.Build.0 = Debug|Any CPU
		{21B405C2-B6E7-40FC-AD0E-1CD55BA31CF5}.Release|Any CPU.ActiveCfg = Release|Any CPU
		{21B405C2-B6E7-40FC-AD0E-1CD55BA31CF5}.Release|Any CPU.Build.0 = Release|Any CPU
	EndGlobalSection
	GlobalSection(SolutionProperties) = preSolution
		HideSolutionNode = FALSE
	EndGlobalSection
	GlobalSection(ExtensibilityGlobals) = postSolution
		SolutionGuid = {CF2696B7-F22F-4254-BF3D-3D752D8CFDE9}
	EndGlobalSection
EndGlobal
